
Microsoft Visual Studio Solution File, Format Version 12.00
# Visual Studio Version 17
VisualStudioVersion = 17.8.34511.84
MinimumVisualStudioVersion = 10.0.40219.1
Project("{9A19103F-16F7-4668-BE54-9A1E7A4F7556}") = "reactBackend", "reactBackend\reactBackend.csproj", "{C922DD6F-136E-4D29-8E32-901EEC4A5C62}"
EndProject
Project("{FAE04EC0-301F-11D3-BF4B-00C04F79EFBC}") = "WebApi", "WebApi\WebApi.csproj", "{C9756FE7-A2FD-41F9-B4D7-C4A604A04357}"
EndProject
Global
	GlobalSection(SolutionConfigurationPlatforms) = preSolution
		Debug|Any CPU = Debug|Any CPU
		Release|Any CPU = Release|Any CPU
	EndGlobalSection
	GlobalSection(ProjectConfigurationPlatforms) = postSolution
		{C922DD6F-136E-4D29-8E32-901EEC4A5C62}.Debug|Any CPU.ActiveCfg = Debug|Any CPU
		{C922DD6F-136E-4D29-8E32-901EEC4A5C62}.Debug|Any CPU.Build.0 = Debug|Any CPU
		{C922DD6F-136E-4D29-8E32-901EEC4A5C62}.Release|Any CPU.ActiveCfg = Release|Any CPU
		{C922DD6F-136E-4D29-8E32-901EEC4A5C62}.Release|Any CPU.Build.0 = Release|Any CPU
		{C9756FE7-A2FD-41F9-B4D7-C4A604A04357}.Debug|Any CPU.ActiveCfg = Debug|Any CPU
		{C9756FE7-A2FD-41F9-B4D7-C4A604A04357}.Debug|Any CPU.Build.0 = Debug|Any CPU
		{C9756FE7-A2FD-41F9-B4D7-C4A604A04357}.Release|Any CPU.ActiveCfg = Release|Any CPU
		{C9756FE7-A2FD-41F9-B4D7-C4A604A04357}.Release|Any CPU.Build.0 = Release|Any CPU
	EndGlobalSection
	GlobalSection(SolutionProperties) = preSolution
		HideSolutionNode = FALSE
	EndGlobalSection
	GlobalSection(ExtensibilityGlobals) = postSolution
		SolutionGuid = {C246EE88-BDFA-41DE-B8B7-B37124855FAD}
	EndGlobalSection
EndGlobal
